PODS:
  - AFNetworking (3.2.1):
    - AFNetworking/NSURLSession (= 3.2.1)
    - AFNetworking/Reachability (= 3.2.1)
    - AFNetworking/Security (= 3.2.1)
    - AFNetworking/Serialization (= 3.2.1)
    - AFNetworking/UIKit (= 3.2.1)
  - AFNetworking/NSURLSession (3.2.1):
    - AFNetworking/Reachability
    - AFNetworking/Security
    - AFNetworking/Serialization
  - AFNetworking/Reachability (3.2.1)
  - AFNetworking/Security (3.2.1)
  - AFNetworking/Serialization (3.2.1)
  - AFNetworking/UIKit (3.2.1):
    - AFNetworking/NSURLSession
  - GTMBase64 (1.0.1)
  - MJRefresh (3.2.0)
  - SDWebImage (5.0.6):
    - SDWebImage/Core (= 5.0.6)
  - SDWebImage/Core (5.0.6)
  - SVProgressHUD (2.2.5)
  - TZImagePickerController (3.2.1)
  - XOBaseLib (0.1.8):
    - AFNetworking (~> 3.2.1)
    - GTMBase64 (~> 1.0.1)
    - MJRefresh (~> 3.2.0)
    - SDWebImage (~> 5.0.6)
    - SVProgressHUD (~> 2.2.5)
    - TZImagePickerController (~> 3.2.1)
    - YYKit (~> 1.0.9)
  - YYKit (1.0.9):
    - YYKit/no-arc (= 1.0.9)
  - YYKit/no-arc (1.0.9)

DEPENDENCIES:
  - XOBaseLib (from `../`)

SPEC REPOS:
  https://github.com/cocoapods/specs.git:
    - AFNetworking
    - GTMBase64
    - MJRefresh
    - SDWebImage
    - SVProgressHUD
    - TZImagePickerController
    - YYKit

EXTERNAL SOURCES:
  XOBaseLib:
    :path: "../"

SPEC CHECKSUMS:
  AFNetworking: b6f891fdfaed196b46c7a83cf209e09697b94057
  GTMBase64: f0f91be06a7a20b84c8e4fee30c0430395091d82
  MJRefresh: ed450d6eb9d3346a2cb033ab7eb6de090aeef437
  SDWebImage: 920f1a2ff1ca8296ad34f6e0510a1ef1d70ac965
  SVProgressHUD: 1428aafac632c1f86f62aa4243ec12008d7a51d6
  TZImagePickerController: bf4c57b98d8707fce41ea6be872414a71c7a8c9d
  XOBaseLib: 905521e27d6a52b4b37a82fd5edf725c40eba157
  YYKit: 7cda43304a8dc3696c449041e2cb3107b4e236e7

PODFILE CHECKSUM: f5e900e82195e93b86a2eae979d0af4b0c9024e6

COCOAPODS: 1.7.5
